<?xml version="1.0" encoding="utf-8"?>
<Project ToolsVersion="4.0" xmlns="http://schemas.microsoft.com/developer/msbuild/2003">
  <ItemGroup>
    <Filter Include="Source Files">
      <UniqueIdentifier>{4FC737F1-C7A5-4376-A066-2A32D752A2FF}</UniqueIdentifier>
      <Extensions>cpp;c;cc;cxx;c++;cppm;ixx;def;odl;idl;hpj;bat;asm;asmx</Extensions>
    </Filter>
    <Filter Include="Header Files">
      <UniqueIdentifier>{93995380-89BD-4b04-88EB-625FBE52EBFB}</UniqueIdentifier>
      <Extensions>h;hh;hpp;hxx;h++;hm;inl;inc;ipp;xsd</Extensions>
    </Filter>
    <Filter Include="Resource Files">
      <UniqueIdentifier>{67DA6AB6-F800-4c08-8B7A-83BB121AAD01}</UniqueIdentifier>
      <Extensions>rc;ico;cur;bmp;dlg;rc2;rct;bin;rgs;gif;jpg;jpeg;jpe;resx;tiff;tif;png;wav;mfcribbon-ms</Extensions>
    </Filter>
  </ItemGroup>
  <ItemGroup>
    <ClInclude Include="framework.h">
      <Filter>Header Files</Filter>
    </ClInclude>
    <ClInclude Include="targetver.h">
      <Filter>Header Files</Filter>
    </ClInclude>
    <ClInclude Include="Resource.h">
      <Filter>Header Files</Filter>
    </ClInclude>
    <ClInclude Include="OpenGLResearchV2Windows.h">
      <Filter>Header Files</Filter>
    </ClInclude>
    <ClInclude Include="platform_dependent\windows\utils.h">
      <Filter>Header Files</Filter>
    </ClInclude>
    <ClInclude Include="third_party\include\GLFW\glfw3.h">
      <Filter>Header Files</Filter>
    </ClInclude>
    <ClInclude Include="third_party\include\GLFW\glfw3native.h">
      <Filter>Header Files</Filter>
    </ClInclude>
    <ClInclude Include="third_party\include\GL\eglew.h">
      <Filter>Header Files</Filter>
    </ClInclude>
    <ClInclude Include="third_party\include\GL\glew.h">
      <Filter>Header Files</Filter>
    </ClInclude>
    <ClInclude Include="third_party\include\GL\glxew.h">
      <Filter>Header Files</Filter>
    </ClInclude>
    <ClInclude Include="third_party\include\GL\wglew.h">
      <Filter>Header Files</Filter>
    </ClInclude>
    <ClInclude Include="game_engine\app.h">
      <Filter>Header Files</Filter>
    </ClInclude>
    <ClInclude Include="game_engine\without_generated_methods.h">
      <Filter>Header Files</Filter>
    </ClInclude>
    <ClInclude Include="platform_dependent\windows\windows_app.h">
      <Filter>Header Files</Filter>
    </ClInclude>
    <ClInclude Include="game_engine\logger.h">
      <Filter>Header Files</Filter>
    </ClInclude>
    <ClInclude Include="platform_dependent\windows\windows_logger.h">
      <Filter>Header Files</Filter>
    </ClInclude>
    <ClInclude Include="game_engine\console.h">
      <Filter>Header Files</Filter>
    </ClInclude>
    <ClInclude Include="third_party\duktape\duk_config.h">
      <Filter>Header Files</Filter>
    </ClInclude>
    <ClInclude Include="third_party\duktape\duktape.h">
      <Filter>Header Files</Filter>
    </ClInclude>
    <ClInclude Include="rendering_engine\opengl_error_detector.h">
      <Filter>Header Files</Filter>
    </ClInclude>
    <ClInclude Include="game_engine\constants.h">
      <Filter>Header Files</Filter>
    </ClInclude>
    <ClInclude Include="third_party\include\glm\common.hpp">
      <Filter>Header Files</Filter>
    </ClInclude>
    <ClInclude Include="third_party\include\glm\exponential.hpp">
      <Filter>Header Files</Filter>
    </ClInclude>
    <ClInclude Include="third_party\include\glm\ext.hpp">
      <Filter>Header Files</Filter>
    </ClInclude>
    <ClInclude Include="third_party\include\glm\fwd.hpp">
      <Filter>Header Files</Filter>
    </ClInclude>
    <ClInclude Include="third_party\include\glm\geometric.hpp">
      <Filter>Header Files</Filter>
    </ClInclude>
    <ClInclude Include="third_party\include\glm\glm.hpp">
      <Filter>Header Files</Filter>
    </ClInclude>
    <ClInclude Include="third_party\include\glm\integer.hpp">
      <Filter>Header Files</Filter>
    </ClInclude>
    <ClInclude Include="third_party\include\glm\mat2x2.hpp">
      <Filter>Header Files</Filter>
    </ClInclude>
    <ClInclude Include="third_party\include\glm\mat2x3.hpp">
      <Filter>Header Files</Filter>
    </ClInclude>
    <ClInclude Include="third_party\include\glm\mat2x4.hpp">
      <Filter>Header Files</Filter>
    </ClInclude>
    <ClInclude Include="third_party\include\glm\mat3x2.hpp">
      <Filter>Header Files</Filter>
    </ClInclude>
    <ClInclude Include="third_party\include\glm\mat3x3.hpp">
      <Filter>Header Files</Filter>
    </ClInclude>
    <ClInclude Include="third_party\include\glm\mat3x4.hpp">
      <Filter>Header Files</Filter>
    </ClInclude>
    <ClInclude Include="third_party\include\glm\mat4x2.hpp">
      <Filter>Header Files</Filter>
    </ClInclude>
    <ClInclude Include="third_party\include\glm\mat4x3.hpp">
      <Filter>Header Files</Filter>
    </ClInclude>
    <ClInclude Include="third_party\include\glm\mat4x4.hpp">
      <Filter>Header Files</Filter>
    </ClInclude>
    <ClInclude Include="third_party\include\glm\matrix.hpp">
      <Filter>Header Files</Filter>
    </ClInclude>
    <ClInclude Include="third_party\include\glm\packing.hpp">
      <Filter>Header Files</Filter>
    </ClInclude>
    <ClInclude Include="third_party\include\glm\trigonometric.hpp">
      <Filter>Header Files</Filter>
    </ClInclude>
    <ClInclude Include="third_party\include\glm\vec2.hpp">
      <Filter>Header Files</Filter>
    </ClInclude>
    <ClInclude Include="third_party\include\glm\vec3.hpp">
      <Filter>Header Files</Filter>
    </ClInclude>
    <ClInclude Include="third_party\include\glm\vec4.hpp">
      <Filter>Header Files</Filter>
    </ClInclude>
    <ClInclude Include="third_party\include\glm\vector_relational.hpp">
      <Filter>Header Files</Filter>
    </ClInclude>
    <ClInclude Include="rendering_engine\opengl_shaders_repository.h">
      <Filter>Header Files</Filter>
    </ClInclude>
    <ClInclude Include="rendering_engine\opengl_shader_program_container.h">
      <Filter>Header Files</Filter>
    </ClInclude>
    <ClInclude Include="research\research_scene.h">
      <Filter>Header Files</Filter>
    </ClInclude>
    <ClInclude Include="research\research_scene_001.h">
      <Filter>Header Files</Filter>
    </ClInclude>
    <ClInclude Include="rendering_engine\utils.h">
      <Filter>Header Files</Filter>
    </ClInclude>
    <ClInclude Include="research\research_scene_002.h">
      <Filter>Header Files</Filter>
    </ClInclude>
    <ClInclude Include="game_engine\utils.h">
      <Filter>Header Files</Filter>
    </ClInclude>
    <ClInclude Include="game_engine\bitmap_info.h">
      <Filter>Header Files</Filter>
    </ClInclude>
    <ClInclude Include="game_engine\bitmap_loader.h">
      <Filter>Header Files</Filter>
    </ClInclude>
  </ItemGroup>
  <ItemGroup>
    <ClCompile Include="OpenGLResearchV2Windows.cpp">
      <Filter>Source Files</Filter>
    </ClCompile>
    <ClCompile Include="platform_dependent\windows\utils.cpp">
      <Filter>Source Files</Filter>
    </ClCompile>
    <ClCompile Include="platform_dependent\windows\windows_app.cpp">
      <Filter>Source Files</Filter>
    </ClCompile>
    <ClCompile Include="game_engine\logger.cpp">
      <Filter>Source Files</Filter>
    </ClCompile>
    <ClCompile Include="platform_dependent\windows\windows_logger.cpp">
      <Filter>Source Files</Filter>
    </ClCompile>
    <ClCompile Include="game_engine\console.cpp">
      <Filter>Source Files</Filter>
    </ClCompile>
    <ClCompile Include="third_party\duktape\duktape.c">
      <Filter>Source Files</Filter>
    </ClCompile>
    <ClCompile Include="rendering_engine\opengl_error_detector.cpp">
      <Filter>Source Files</Filter>
    </ClCompile>
    <ClCompile Include="rendering_engine\opengl_shaders_repository.cpp">
      <Filter>Source Files</Filter>
    </ClCompile>
    <ClCompile Include="rendering_engine\opengl_shader_program_container.cpp">
      <Filter>Source Files</Filter>
    </ClCompile>
    <ClCompile Include="research\research_scene_001.cpp">
      <Filter>Source Files</Filter>
    </ClCompile>
    <ClCompile Include="research\research_scene_002.cpp">
      <Filter>Source Files</Filter>
    </ClCompile>
    <ClCompile Include="game_engine\utils.cpp">
      <Filter>Source Files</Filter>
    </ClCompile>
  </ItemGroup>
  <ItemGroup>
    <ResourceCompile Include="OpenGLResearchV2Windows.rc">
      <Filter>Resource Files</Filter>
    </ResourceCompile>
  </ItemGroup>
  <ItemGroup>
    <Image Include="small.ico">
      <Filter>Resource Files</Filter>
    </Image>
    <Image Include="OpenGLResearchV2Windows.ico">
      <Filter>Resource Files</Filter>
    </Image>
  </ItemGroup>
  <ItemGroup>
    <Library Include="third_party\libs\glfw3_mt.lib" />
    <Library Include="third_party\libs\glew32s.lib" />
    <Library Include="third_party\libs\OpenGL32.Lib" />
  </ItemGroup>
  <ItemGroup>
    <Text Include="third_party\include\glm\CMakeLists.txt" />
  </ItemGroup>
</Project>